{
  "name": "devinlewtan-homework07",
  "version": "1.0.0",
  "lockfileVersion": 1,
  "requires": true,
  "dependencies": {
    "eslint-plugin-mocha": {
      "version": "6.3.0",
      "resolved": "https://registry.npmjs.org/eslint-plugin-mocha/-/eslint-plugin-mocha-6.3.0.tgz",
      "integrity": "sha512-Cd2roo8caAyG21oKaaNTj7cqeYRWW1I2B5SfpKRp0Ip1gkfwoR1Ow0IGlPWnNjzywdF4n+kHL8/9vM6zCJUxdg==",
      "requires": {
        "eslint-utils": "^2.0.0",
        "ramda": "^0.27.0"
      }
    },
    "eslint-utils": {
      "version": "2.0.0",
      "resolved": "https://registry.npmjs.org/eslint-utils/-/eslint-utils-2.0.0.tgz",
      "integrity": "sha512-0HCPuJv+7Wv1bACm8y5/ECVfYdfsAm9xmVb7saeFlxjPYALefjhbYoCkBjPdPzGH8wWyTpAez82Fh3VKYEZ8OA==",
      "requires": {
        "eslint-visitor-keys": "^1.1.0"
      }
    },
    "eslint-visitor-keys": {
      "version": "1.1.0",
      "resolved": "https://registry.npmjs.org/eslint-visitor-keys/-/eslint-visitor-keys-1.1.0.tgz",
      "integrity": "sha512-8y9YjtM1JBJU/A9Kc+SbaOV4y29sSWckBwMHa+FGtVj5gN/sbnKDf6xJUl+8g7FAij9LVaP8C24DUiH/f/2Z9A=="
    },
    "ramda": {
      "version": "0.27.0",
      "resolved": "https://registry.npmjs.org/ramda/-/ramda-0.27.0.tgz",
      "integrity": "sha512-pVzZdDpWwWqEVVLshWUHjNwuVP7SfcmPraYuqocJp1yo2U1R7P+5QAfDhdItkuoGqIBnBYrtPp7rEPqDn9HlZA=="
    }
  }
}
